
Microsoft Visual Studio Solution File, Format Version 12.00
# Visual Studio 2013
VisualStudioVersion = 12.0.31101.0
MinimumVisualStudioVersion = 10.0.40219.1
Project("{FAE04EC0-301F-11D3-BF4B-00C04F79EFBC}") = "FluentCommandLineParser", "FluentCommandLineParser\FluentCommandLineParser.csproj", "{74CDFA61-81D8-40F2-B536-949BABA15D3E}"
EndProject
Project("{FAE04EC0-301F-11D3-BF4B-00C04F79EFBC}") = "FluentCommandLineParser.Tests", "FluentCommandLineParser.Tests\FluentCommandLineParser.Tests.csproj", "{A2546703-0B86-4515-BE5B-FAF85B756BDC}"
EndProject
Project("{2150E333-8FDC-42A3-9474-1A3956D46DE8}") = ".nuget", ".nuget", "{E73D0A8C-D5A1-4DD0-8589-D0BD70B4E04F}"
	ProjectSection(SolutionItems) = preProject
		.nuget\NuGet.Config = .nuget\NuGet.Config
		.nuget\NuGet.exe = .nuget\NuGet.exe
		.nuget\NuGet.targets = .nuget\NuGet.targets
		.nuget\pack.ps1 = .nuget\pack.ps1
		.nuget\Pingo.FluentCommandLineParser.nuspec = .nuget\Pingo.FluentCommandLineParser.nuspec
	EndProjectSection
EndProject
Project("{2150E333-8FDC-42A3-9474-1A3956D46DE8}") = "Solution Items", "Solution Items", "{4069B6FB-E928-450D-B183-BF1395239019}"
	ProjectSection(SolutionItems) = preProject
		appveyor.yml = appveyor.yml
	EndProjectSection
EndProject
Global
	GlobalSection(SolutionConfigurationPlatforms) = preSolution
		Debug|Any CPU = Debug|Any CPU
		Release|Any CPU = Release|Any CPU
	EndGlobalSection
	GlobalSection(ProjectConfigurationPlatforms) = postSolution
		{74CDFA61-81D8-40F2-B536-949BABA15D3E}.Debug|Any CPU.ActiveCfg = Debug|Any CPU
		{74CDFA61-81D8-40F2-B536-949BABA15D3E}.Debug|Any CPU.Build.0 = Debug|Any CPU
		{74CDFA61-81D8-40F2-B536-949BABA15D3E}.Release|Any CPU.ActiveCfg = Release|Any CPU
		{74CDFA61-81D8-40F2-B536-949BABA15D3E}.Release|Any CPU.Build.0 = Release|Any CPU
		{A2546703-0B86-4515-BE5B-FAF85B756BDC}.Debug|Any CPU.ActiveCfg = Debug|Any CPU
		{A2546703-0B86-4515-BE5B-FAF85B756BDC}.Debug|Any CPU.Build.0 = Debug|Any CPU
		{A2546703-0B86-4515-BE5B-FAF85B756BDC}.Release|Any CPU.ActiveCfg = Release|Any CPU
		{A2546703-0B86-4515-BE5B-FAF85B756BDC}.Release|Any CPU.Build.0 = Release|Any CPU
	EndGlobalSection
	GlobalSection(SolutionProperties) = preSolution
		HideSolutionNode = FALSE
	EndGlobalSection
EndGlobal
